<?xml version="1.0" encoding="utf-8"?>
<Project ToolsVersion="4.0" xmlns="http://schemas.microsoft.com/developer/msbuild/2003">
  <ItemGroup>
    <Filter Include="Source">
      <UniqueIdentifier>{688a5980-a48c-4fc7-9c65-7fd0e8d269da}</UniqueIdentifier>
    </Filter>
    <Filter Include="Utils">
      <UniqueIdentifier>{be682a79-10d9-43c4-9328-197043f73e8c}</UniqueIdentifier>
    </Filter>
  </ItemGroup>
  <ItemGroup>
    <ClCompile Include="Utils\tgaimage.cpp">
      <Filter>Utils</Filter>
    </ClCompile>
    <ClCompile Include="Source\Main.cpp">
      <Filter>Source</Filter>
    </ClCompile>
    <ClCompile Include="Utils\model.cpp">
      <Filter>Utils</Filter>
    </ClCompile>
    <ClCompile Include="Utils\geometry.cpp">
      <Filter>Utils</Filter>
    </ClCompile>
  </ItemGroup>
  <ItemGroup>
    <ClInclude Include="Utils\tgaimage.h">
      <Filter>Utils</Filter>
    </ClInclude>
    <ClInclude Include="Source\Line.h">
      <Filter>Source</Filter>
    </ClInclude>
    <ClInclude Include="Utils\model.h">
      <Filter>Utils</Filter>
    </ClInclude>
    <ClInclude Include="Utils\geometry.h">
      <Filter>Utils</Filter>
    </ClInclude>
  </ItemGroup>
</Project>